
Microsoft Visual Studio Solution File, Format Version 11.00
# Visual Studio 2010
Project("{FAE04EC0-301F-11D3-BF4B-00C04F79EFBC}") = "DojoTimer", "DojoTimer.csproj", "{C4138069-7851-422E-AE79-FCDA6F56D1FF}"
EndProject
Project("{9344bdbb-3e7f-41fc-a0dd-8665d75ee146}") = "DojoTimerLocalization", "DojoTimerLocalization\DojoTimerLocalization.mdproj", "{3DC716EC-3992-4ED5-82EF-653F1DA92C0B}"
EndProject
Global
	GlobalSection(SolutionConfigurationPlatforms) = preSolution
		Debug|x86 = Debug|x86
	EndGlobalSection
	GlobalSection(ProjectConfigurationPlatforms) = postSolution
		{3DC716EC-3992-4ED5-82EF-653F1DA92C0B}.Debug|x86.ActiveCfg = Debug|x86
		{3DC716EC-3992-4ED5-82EF-653F1DA92C0B}.Debug|x86.Build.0 = Debug|x86
		{C4138069-7851-422E-AE79-FCDA6F56D1FF}.Debug|x86.ActiveCfg = Debug|x86
		{C4138069-7851-422E-AE79-FCDA6F56D1FF}.Debug|x86.Build.0 = Debug|x86
	EndGlobalSection
	GlobalSection(MonoDevelopProperties) = preSolution
		StartupItem = DojoTimer.csproj
		Policies = $0
		$0.DotNetNamingPolicy = $1
		$1.DirectoryNamespaceAssociation = None
		$1.ResourceNamePolicy = FileFormatDefault
		$0.TextStylePolicy = $2
		$2.inheritsSet = null
		$2.scope = text/x-csharp
		$0.CSharpFormattingPolicy = $3
		$3.inheritsSet = Mono
		$3.inheritsScope = text/x-csharp
		$3.scope = text/x-csharp
		$0.TextStylePolicy = $4
		$4.FileWidth = 120
		$4.TabsToSpaces = False
		$4.inheritsSet = VisualStudio
		$4.inheritsScope = text/plain
		$4.scope = text/plain
	EndGlobalSection
	GlobalSection(SolutionProperties) = preSolution
		HideSolutionNode = FALSE
	EndGlobalSection
EndGlobal
